
Microsoft Visual Studio Solution File, Format Version 12.00
# Visual Studio Version 17
VisualStudioVersion = 17.11.35303.130
MinimumVisualStudioVersion = 10.0.40219.1
Project("{9A19103F-16F7-4668-BE54-9A1E7A4F7556}") = "ServiceBooking.DataLayer", "ServiceBooking.DataLayer\ServiceBooking.DataLayer.csproj", "{B57A4123-20FF-452B-8BE1-2D9E555D1596}"
EndProject
Project("{9A19103F-16F7-4668-BE54-9A1E7A4F7556}") = "ServiceBooking.ServiceLayer", "ServiceBooking.ServiceLayer\ServiceBooking.ServiceLayer.csproj", "{FA29028C-DA9B-4A5C-B027-E313560DAEA0}"
EndProject
Project("{9A19103F-16F7-4668-BE54-9A1E7A4F7556}") = "ServiceBooking.DTO", "ServiceBooking.DTO\ServiceBooking.DTO.csproj", "{08751EF2-9FF9-4779-98E6-E9351421E78E}"
EndProject
Project("{9A19103F-16F7-4668-BE54-9A1E7A4F7556}") = "ServiceBooking.ServiceLayerTest", "ServiceBooking.ServiceLayerTest\ServiceBooking.ServiceLayerTest.csproj", "{2692DCD9-513F-45AE-8807-4CA10F4FE229}"
EndProject
Project("{9A19103F-16F7-4668-BE54-9A1E7A4F7556}") = "ServiceBooking.BlazorWA", "ServiceBooking.BlazorWA\ServiceBooking.BlazorWA.csproj", "{65DD54ED-34C9-47B4-8970-369713BFEFDD}"
EndProject
Project("{FAE04EC0-301F-11D3-BF4B-00C04F79EFBC}") = "ServiceBooking.MinApi", "ServiceBooking.MinApi\ServiceBooking.MinApi.csproj", "{E586A70F-E0F0-4952-B96B-9BB973B73799}"
EndProject
Global
	GlobalSection(SolutionConfigurationPlatforms) = preSolution
		Debug|Any CPU = Debug|Any CPU
		Release|Any CPU = Release|Any CPU
	EndGlobalSection
	GlobalSection(ProjectConfigurationPlatforms) = postSolution
		{B57A4123-20FF-452B-8BE1-2D9E555D1596}.Debug|Any CPU.ActiveCfg = Debug|Any CPU
		{B57A4123-20FF-452B-8BE1-2D9E555D1596}.Debug|Any CPU.Build.0 = Debug|Any CPU
		{B57A4123-20FF-452B-8BE1-2D9E555D1596}.Release|Any CPU.ActiveCfg = Release|Any CPU
		{B57A4123-20FF-452B-8BE1-2D9E555D1596}.Release|Any CPU.Build.0 = Release|Any CPU
		{FA29028C-DA9B-4A5C-B027-E313560DAEA0}.Debug|Any CPU.ActiveCfg = Debug|Any CPU
		{FA29028C-DA9B-4A5C-B027-E313560DAEA0}.Debug|Any CPU.Build.0 = Debug|Any CPU
		{FA29028C-DA9B-4A5C-B027-E313560DAEA0}.Release|Any CPU.ActiveCfg = Release|Any CPU
		{FA29028C-DA9B-4A5C-B027-E313560DAEA0}.Release|Any CPU.Build.0 = Release|Any CPU
		{08751EF2-9FF9-4779-98E6-E9351421E78E}.Debug|Any CPU.ActiveCfg = Debug|Any CPU
		{08751EF2-9FF9-4779-98E6-E9351421E78E}.Debug|Any CPU.Build.0 = Debug|Any CPU
		{08751EF2-9FF9-4779-98E6-E9351421E78E}.Release|Any CPU.ActiveCfg = Release|Any CPU
		{08751EF2-9FF9-4779-98E6-E9351421E78E}.Release|Any CPU.Build.0 = Release|Any CPU
		{2692DCD9-513F-45AE-8807-4CA10F4FE229}.Debug|Any CPU.ActiveCfg = Debug|Any CPU
		{2692DCD9-513F-45AE-8807-4CA10F4FE229}.Debug|Any CPU.Build.0 = Debug|Any CPU
		{2692DCD9-513F-45AE-8807-4CA10F4FE229}.Release|Any CPU.ActiveCfg = Release|Any CPU
		{2692DCD9-513F-45AE-8807-4CA10F4FE229}.Release|Any CPU.Build.0 = Release|Any CPU
		{65DD54ED-34C9-47B4-8970-369713BFEFDD}.Debug|Any CPU.ActiveCfg = Debug|Any CPU
		{65DD54ED-34C9-47B4-8970-369713BFEFDD}.Debug|Any CPU.Build.0 = Debug|Any CPU
		{65DD54ED-34C9-47B4-8970-369713BFEFDD}.Release|Any CPU.ActiveCfg = Release|Any CPU
		{65DD54ED-34C9-47B4-8970-369713BFEFDD}.Release|Any CPU.Build.0 = Release|Any CPU
		{E586A70F-E0F0-4952-B96B-9BB973B73799}.Debug|Any CPU.ActiveCfg = Debug|Any CPU
		{E586A70F-E0F0-4952-B96B-9BB973B73799}.Debug|Any CPU.Build.0 = Debug|Any CPU
		{E586A70F-E0F0-4952-B96B-9BB973B73799}.Release|Any CPU.ActiveCfg = Release|Any CPU
		{E586A70F-E0F0-4952-B96B-9BB973B73799}.Release|Any CPU.Build.0 = Release|Any CPU
	EndGlobalSection
	GlobalSection(SolutionProperties) = preSolution
		HideSolutionNode = FALSE
	EndGlobalSection
	GlobalSection(ExtensibilityGlobals) = postSolution
		SolutionGuid = {5AA2137A-2CCC-4E42-A5BC-05BFBD10BFA6}
	EndGlobalSection
EndGlobal
